// !$*UTF8*$!
{
	archiveVersion = 1;
	classes = {
	};
	objectVersion = 50;
	objects = {

/* Begin PBXBuildFile section */
		D9E3E5F223BFC7A9002D14C9 /* AppDelegate.swift in Sources */ = {isa = PBXBuildFile; fileRef = D9E3E5F123BFC7A9002D14C9 /* AppDelegate.swift */; };
		D9E3E5F423BFC7A9002D14C9 /* SceneDelegate.swift in Sources */ = {isa = PBXBuildFile; fileRef = D9E3E5F323BFC7A9002D14C9 /* SceneDelegate.swift */; };
		D9E3E5F623BFC7A9002D14C9 /* ViewController.swift in Sources */ = {isa = PBXBuildFile; fileRef = D9E3E5F523BFC7A9002D14C9 /* ViewController.swift */; };
		D9E3E5F923BFC7A9002D14C9 /* Main.storyboard in Resources */ = {isa = PBXBuildFile; fileRef = D9E3E5F723BFC7A9002D14C9 /* Main.storyboard */; };
		D9E3E5FB23BFC7C5002D14C9 /* Assets.xcassets in Resources */ = {isa = PBXBuildFile; fileRef = D9E3E5FA23BFC7C5002D14C9 /* Assets.xcassets */; };
		D9E3E5FE23BFC7C5002D14C9 /* LaunchScreen.storyboard in Resources */ = {isa = PBXBuildFile; fileRef = D9E3E5FC23BFC7C5002D14C9 /* LaunchScreen.storyboard */; };
		D9E3E60623BFCA20002D14C9 /* start.txt in Resources */ = {isa = PBXBuildFile; fileRef = D9E3E60523BFCA1F002D14C9 /* start.txt */; };
/* End PBXBuildFile section */

/* Begin PBXFileReference section */
		D9E3E5EE23BFC7A9002D14C9 /* Project5.app */ = {isa = PBXFileReference; explicitFileType = wrapper.application; includeInIndex = 0; path = Project5.app; sourceTree = BUILT_PRODUCTS_DIR; };
		D9E3E5F123BFC7A9002D14C9 /* AppDelegate.swift */ = {isa = PBXFileReference; lastKnownFileType = sourcecode.swift; path = AppDelegate.swift; sourceTree = "<group>"; };
		D9E3E5F323BFC7A9002D14C9 /* SceneDelegate.swift */ = {isa = PBXFileReference; lastKnownFileType = sourcecode.swift; path = SceneDelegate.swift; sourceTree = "<group>"; };
		D9E3E5F523BFC7A9002D14C9 /* ViewController.swift */ = {isa = PBXFileReference; lastKnownFileType = sourcecode.swift; path = ViewController.swift; sourceTree = "<group>"; };
		D9E3E5F823BFC7A9002D14C9 /* Base */ = {isa = PBXFileReference; lastKnownFileType = file.storyboard; name = Base; path = Base.lproj/Main.storyboard; sourceTree = "<group>"; };
		D9E3E5FA23BFC7C5002D14C9 /* Assets.xcassets */ = {isa = PBXFileReference; lastKnownFileType = folder.assetcatalog; path = Assets.xcassets; sourceTree = "<group>"; };
		D9E3E5FD23BFC7C5002D14C9 /* Base */ = {isa = PBXFileReference; lastKnownFileType = file.storyboard; name = Base; path = Base.lproj/LaunchScreen.storyboard; sourceTree = "<group>"; };
		D9E3E5FF23BFC7C5002D14C9 /* Info.plist */ = {isa = PBXFileReference; lastKnownFileType = text.plist.xml; path = Info.plist; sourceTree = "<group>"; };
		D9E3E60523BFCA1F002D14C9 /* start.txt */ = {isa = PBXFileReference; fileEncoding = 4; lastKnownFileType = text; path = start.txt; sourceTree = "<group>"; };
/* End PBXFileReference section */

/* Begin PBXFrameworksBuildPhase section */
		D9E3E5EB23BFC7A9002D14C9 /* Frameworks */ = {
			isa = PBXFrameworksBuildPhase;
			buildActionMask = 2147483647;
			files = (
			);
			runOnlyForDeploymentPostprocessing = 0;
		};
/* End PBXFrameworksBuildPhase section */

/* Begin PBXGroup section */
		D9E3E5E523BFC7A9002D14C9 = {
			isa = PBXGroup;
			children = (
				D9E3E5F023BFC7A9002D14C9 /* Project5 */,
				D9E3E5EF23BFC7A9002D14C9 /* Products */,
			);
			sourceTree = "<group>";
		};
		D9E3E5EF23BFC7A9002D14C9 /* Products */ = {
			isa = PBXGroup;
			children = (
				D9E3E5EE23BFC7A9002D14C9 /* Project5.app */,
			);
			name = Products;
			sourceTree = "<group>";
		};
		D9E3E5F023BFC7A9002D14C9 /* Project5 */ = {
			isa = PBXGroup;
			children = (
				D9E3E5F123BFC7A9002D14C9 /* AppDelegate.swift */,
				D9E3E5F323BFC7A9002D14C9 /* SceneDelegate.swift */,
				D9E3E5F523BFC7A9002D14C9 /* ViewController.swift */,
				D9E3E5F723BFC7A9002D14C9 /* Main.storyboard */,
				D9E3E5FA23BFC7C5002D14C9 /* Assets.xcassets */,
				D9E3E5FC23BFC7C5002D14C9 /* LaunchScreen.storyboard */,
				D9E3E5FF23BFC7C5002D14C9 /* Info.plist */,
				D9E3E60523BFCA1F002D14C9 /* start.txt */,
			);
			path = Project5;
			sourceTree = "<group>";
		};
/* End PBXGroup section */

/* Begin PBXNativeTarget section */
		D9E3E5ED23BFC7A9002D14C9 /* Project5 */ = {
			isa = PBXNativeTarget;
			buildConfigurationList = D9E3E60223BFC7C5002D14C9 /* Build configuration list for PBXNativeTarget "Project5" */;
			buildPhases = (
				D9E3E5EA23BFC7A9002D14C9 /* Sources */,
				D9E3E5EB23BFC7A9002D14C9 /* Frameworks */,
				D9E3E5EC23BFC7A9002D14C9 /* Resources */,
			);
			buildRules = (
			);
			dependencies = (
			);
			name = Project5;
			productName = Project5;
			productReference = D9E3E5EE23BFC7A9002D14C9 /* Project5.app */;
			productType = "com.apple.product-type.application";
		};
/* End PBXNativeTarget section */

/* Begin PBXProject section */
		D9E3E5E623BFC7A9002D14C9 /* Project object */ = {
			isa = PBXProject;
			attributes = {
				LastSwiftUpdateCheck = 1110;
				LastUpgradeCheck = 1110;
				ORGANIZATIONNAME = "Sabrina Sturtevant";
				TargetAttributes = {
					D9E3E5ED23BFC7A9002D14C9 = {
						CreatedOnToolsVersion = 11.1;
					};
				};
			};
			buildConfigurationList = D9E3E5E923BFC7A9002D14C9 /* Build configuration list for PBXProject "Project5" */;
			compatibilityVersion = "Xcode 9.3";
			developmentRegion = en;
			hasScannedForEncodings = 0;
			knownRegions = (
				en,
				Base,
			);
			mainGroup = D9E3E5E523BFC7A9002D14C9;
			productRefGroup = D9E3E5EF23BFC7A9002D14C9 /* Products */;
			projectDirPath = "";
			projectRoot = "";
			targets = (
				D9E3E5ED23BFC7A9002D14C9 /* Project5 */,
			);
		};
/* End PBXProject section */

/* Begin PBXResourcesBuildPhase section */
		D9E3E5EC23BFC7A9002D14C9 /* Resources */ = {
			isa = PBXResourcesBuildPhase;
			buildActionMask = 2147483647;
			files = (
				D9E3E5FE23BFC7C5002D14C9 /* LaunchScreen.storyboard in Resources */,
				D9E3E60623BFCA20002D14C9 /* start.txt in Resources */,
				D9E3E5FB23BFC7C5002D14C9 /* Assets.xcassets in Resources */,
				D9E3E5F923BFC7A9002D14C9 /* Main.storyboard in Resources */,
			);
			runOnlyForDeploymentPostprocessing = 0;
		};
/* End PBXResourcesBuildPhase section */

/* Begin PBXSourcesBuildPhase section */
		D9E3E5EA23BFC7A9002D14C9 /* Sources */ = {
			isa = PBXSourcesBuildPhase;
			buildActionMask = 2147483647;
			files = (
				D9E3E5F623BFC7A9002D14C9 /* ViewController.swift in Sources */,
				D9E3E5F223BFC7A9002D14C9 /* AppDelegate.swift in Sources */,
				D9E3E5F423BFC7A9002D14C9 /* SceneDelegate.swift in Sources */,
			);
			runOnlyForDeploymentPostprocessing = 0;
		};
/* End PBXSourcesBuildPhase section */

/* Begin PBXVariantGroup section */
		D9E3E5F723BFC7A9002D14C9 /* Main.storyboard */ = {
			isa = PBXVariantGroup;
			children = (
				D9E3E5F823BFC7A9002D14C9 /* Base */,
			);
			name = Main.storyboard;
			sourceTree = "<group>";
		};
		D9E3E5FC23BFC7C5002D14C9 /* LaunchScreen.storyboard */ = {
			isa = PBXVariantGroup;
			children = (
				D9E3E5FD23BFC7C5002D14C9 /* Base */,
			);
			name = LaunchScreen.storyboard;
			sourceTree = "<group>";
		};
/* End PBXVariantGroup section */

/* Begin XCBuildConfiguration section */
		D9E3E60023BFC7C5002D14C9 /* Debug */ = {
			isa = XCBuildConfiguration;
			buildSettings = {
				ALWAYS_SEARCH_USER_PATHS = NO;
				CLANG_ANALYZER_NONNULL = YES;
				CLANG_ANALYZER_NUMBER_OBJECT_CONVERSION = YES_AGGRESSIVE;
				CLANG_CXX_LANGUAGE_STANDARD = "gnu++14";
				CLANG_CXX_LIBRARY = "libc++";
				CLANG_ENABLE_MODULES = YES;
				CLANG_ENABLE_OBJC_ARC = YES;
				CLANG_ENABLE_OBJC_WEAK = YES;
				CLANG_WARN_BLOCK_CAPTURE_AUTORELEASING = YES;
				CLANG_WARN_BOOL_CONVERSION = YES;
				CLANG_WARN_COMMA = YES;
				CLANG_WARN_CONSTANT_CONVERSION = YES;
				CLANG_WARN_DEPRECATED_OBJC_IMPLEMENTATIONS = YES;
				CLANG_WARN_DIRECT_OBJC_ISA_USAGE = YES_ERROR;
				CLANG_WARN_DOCUMENTATION_COMMENTS = YES;
				CLANG_WARN_EMPTY_BODY = YES;
				CLANG_WARN_ENUM_CONVERSION = YES;
				CLANG_WARN_INFINITE_RECURSION = YES;
				CLANG_WARN_INT_CONVERSION = YES;
				CLANG_WARN_NON_LITERAL_NULL_CONVERSION = YES;
				CLANG_WARN_OBJC_IMPLICIT_RETAIN_SELF = YES;
				CLANG_WARN_OBJC_LITERAL_CONVERSION = YES;
				CLANG_WARN_OBJC_ROOT_CLASS = YES_ERROR;
				CLANG_WARN_RANGE_LOOP_ANALYSIS = YES;
				CLANG_WARN_STRICT_PROTOTYPES = YES;
				CLANG_WARN_SUSPICIOUS_MOVE = YES;
				CLANG_WARN_UNGUARDED_AVAILABILITY = YES_AGGRESSIVE;
				CLANG_WARN_UNREACHABLE_CODE = YES;
				CLANG_WARN__DUPLICATE_METHOD_MATCH = YES;
				COPY_PHASE_STRIP = NO;
				DEBUG_INFORMATION_FORMAT = dwarf;
				ENABLE_STRICT_OBJC_MSGSEND = YES;
				ENABLE_TESTABILITY = YES;
				GCC_C_LANGUAGE_STANDARD = gnu11;
				GCC_DYNAMIC_NO_PIC = NO;
				GCC_NO_COMMON_BLOCKS = YES;
				GCC_OPTIMIZATION_LEVEL = 0;
				GCC_PREPROCESSOR_DEFINITIONS = (
					"DEBUG=1",
					"$(inherited)",
				);
				GCC_WARN_64_TO_32_BIT_CONVERSION = YES;
				GCC_WARN_ABOUT_RETURN_TYPE = YES_ERROR;
				GCC_WARN_UNDECLARED_SELECTOR = YES;
				GCC_WARN_UNINITIALIZED_AUTOS = YES_AGGRESSIVE;
				GCC_WARN_UNUSED_FUNCTION = YES;
				GCC_WARN_UNUSED_VARIABLE = YES;
				IPHONEOS_DEPLOYMENT_TARGET = 13.1;
				MTL_ENABLE_DEBUG_INFO = INCLUDE_SOURCE;
				MTL_FAST_MATH = YES;
				ONLY_ACTIVE_ARCH = YES;
				SDKROOT = iphoneos;
				SWIFT_ACTIVE_COMPILATION_CONDITIONS = DEBUG;
				SWIFT_OPTIMIZATION_LEVEL = "-Onone";
			};
			name = Debug;
		};
		D9E3E60123BFC7C5002D14C9 /* Release */ = {
			isa = XCBuildConfiguration;
			buildSettings = {
				ALWAYS_SEARCH_USER_PATHS = NO;
				CLANG_ANALYZER_NONNULL = YES;
				CLANG_ANALYZER_NUMBER_OBJECT_CONVERSION = YES_AGGRESSIVE;
				CLANG_CXX_LANGUAGE_STANDARD = "gnu++14";
				CLANG_CXX_LIBRARY = "libc++";
				CLANG_ENABLE_MODULES = YES;
				CLANG_ENABLE_OBJC_ARC = YES;
				CLANG_ENABLE_OBJC_WEAK = YES;
				CLANG_WARN_BLOCK_CAPTURE_AUTORELEASING = YES;
				CLANG_WARN_BOOL_CONVERSION = YES;
				CLANG_WARN_COMMA = YES;
				CLANG_WARN_CONSTANT_CONVERSION = YES;
				CLANG_WARN_DEPRECATED_OBJC_IMPLEMENTATIONS = YES;
				CLANG_WARN_DIRECT_OBJC_ISA_USAGE = YES_ERROR;
				CLANG_WARN_DOCUMENTATION_COMMENTS = YES;
				CLANG_WARN_EMPTY_BODY = YES;
				CLANG_WARN_ENUM_CONVERSION = YES;
				CLANG_WARN_INFINITE_RECURSION = YES;
				CLANG_WARN_INT_CONVERSION = YES;
				CLANG_WARN_NON_LITERAL_NULL_CONVERSION = YES;
				CLANG_WARN_OBJC_IMPLICIT_RETAIN_SELF = YES;
				CLANG_WARN_OBJC_LITERAL_CONVERSION = YES;
				CLANG_WARN_OBJC_ROOT_CLASS = YES_ERROR;
				CLANG_WARN_RANGE_LOOP_ANALYSIS = YES;
				CLANG_WARN_STRICT_PROTOTYPES = YES;
				CLANG_WARN_SUSPICIOUS_MOVE = YES;
				CLANG_WARN_UNGUARDED_AVAILABILITY = YES_AGGRESSIVE;
				CLANG_WARN_UNREACHABLE_CODE = YES;
				CLANG_WARN__DUPLICATE_METHOD_MATCH = YES;
				COPY_PHASE_STRIP = NO;
				DEBUG_INFORMATION_FORMAT = "dwarf-with-dsym";
				ENABLE_NS_ASSERTIONS = NO;
				ENABLE_STRICT_OBJC_MSGSEND = YES;
				GCC_C_LANGUAGE_STANDARD = gnu11;
				GCC_NO_COMMON_BLOCKS = YES;
				GCC_WARN_64_TO_32_BIT_CONVERSION = YES;
				GCC_WARN_ABOUT_RETURN_TYPE = YES_ERROR;
				GCC_WARN_UNDECLARED_SELECTOR = YES;
				GCC_WARN_UNINITIALIZED_AUTOS = YES_AGGRESSIVE;
				GCC_WARN_UNUSED_FUNCTION = YES;
				GCC_WARN_UNUSED_VARIABLE = YES;
				IPHONEOS_DEPLOYMENT_TARGET = 13.1;
				MTL_ENABLE_DEBUG_INFO = NO;
				MTL_FAST_MATH = YES;
				SDKROOT = iphoneos;
				SWIFT_COMPILATION_MODE = wholemodule;
				SWIFT_OPTIMIZATION_LEVEL = "-O";
				VALIDATE_PRODUCT = YES;
			};
			name = Release;
		};
		D9E3E60323BFC7C5002D14C9 /* Debug */ = {
			isa = XCBuildConfiguration;
			buildSettings = {
				ASSETCATALOG_COMPILER_APPICON_NAME = AppIcon;
				CODE_SIGN_STYLE = Automatic;
				INFOPLIST_FILE = Project5/Info.plist;
				LD_RUNPATH_SEARCH_PATHS = (
					"$(inherited)",
					"@executable_path/Frameworks",
				);
				PRODUCT_BUNDLE_IDENTIFIER = com.example.Project5;
				PRODUCT_NAME = "$(TARGET_NAME)";
				SWIFT_VERSION = 5.0;
				TARGETED_DEVICE_FAMILY = "1,2";
			};
			name = Debug;
		};
		D9E3E60423BFC7C5002D14C9 /* Release */ = {
			isa = XCBuildConfiguration;
			buildSettings = {
				ASSETCATALOG_COMPILER_APPICON_NAME = AppIcon;
				CODE_SIGN_STYLE = Automatic;
				INFOPLIST_FILE = Project5/Info.plist;
				LD_RUNPATH_SEARCH_PATHS = (
					"$(inherited)",
					"@executable_path/Frameworks",
				);
				PRODUCT_BUNDLE_IDENTIFIER = com.example.Project5;
				PRODUCT_NAME = "$(TARGET_NAME)";
				SWIFT_VERSION = 5.0;
				TARGETED_DEVICE_FAMILY = "1,2";
			};
			name = Release;
		};
/* End XCBuildConfiguration section */

/* Begin XCConfigurationList section */
		D9E3E5E923BFC7A9002D14C9 /* Build configuration list for PBXProject "Project5" */ = {
			isa = XCConfigurationList;
			buildConfigurations = (
				D9E3E60023BFC7C5002D14C9 /* Debug */,
				D9E3E60123BFC7C5002D14C9 /* Release */,
			);
			defaultConfigurationIsVisible = 0;
			defaultConfigurationName = Release;
		};
		D9E3E60223BFC7C5002D14C9 /* Build configuration list for PBXNativeTarget "Project5" */ = {
			isa = XCConfigurationList;
			buildConfigurations = (
				D9E3E60323BFC7C5002D14C9 /* Debug */,
				D9E3E60423BFC7C5002D14C9 /* Release */,
			);
			defaultConfigurationIsVisible = 0;
			defaultConfigurationName = Release;
		};
/* End XCConfigurationList section */
	};
	rootObject = D9E3E5E623BFC7A9002D14C9 /* Project object */;
}
