// !$*UTF8*$!
{
	archiveVersion = 1;
	classes = {
	};
	objectVersion = 50;
	objects = {

/* Begin PBXBuildFile section */
		D97F9DEC23D3A66D00E1EAAB /* AppDelegate.swift in Sources */ = {isa = PBXBuildFile; fileRef = D97F9DEB23D3A66D00E1EAAB /* AppDelegate.swift */; };
		D97F9DEE23D3A66D00E1EAAB /* SceneDelegate.swift in Sources */ = {isa = PBXBuildFile; fileRef = D97F9DED23D3A66D00E1EAAB /* SceneDelegate.swift */; };
		D97F9DF023D3A66D00E1EAAB /* ViewController.swift in Sources */ = {isa = PBXBuildFile; fileRef = D97F9DEF23D3A66D00E1EAAB /* ViewController.swift */; };
		D97F9DF323D3A66D00E1EAAB /* Main.storyboard in Resources */ = {isa = PBXBuildFile; fileRef = D97F9DF123D3A66D00E1EAAB /* Main.storyboard */; };
		D97F9DF523D3A68300E1EAAB /* Assets.xcassets in Resources */ = {isa = PBXBuildFile; fileRef = D97F9DF423D3A68300E1EAAB /* Assets.xcassets */; };
		D97F9DF823D3A68300E1EAAB /* LaunchScreen.storyboard in Resources */ = {isa = PBXBuildFile; fileRef = D97F9DF623D3A68300E1EAAB /* LaunchScreen.storyboard */; };
		D97F9E0023D3B49F00E1EAAB /* PersonCell.swift in Sources */ = {isa = PBXBuildFile; fileRef = D97F9DFF23D3B49F00E1EAAB /* PersonCell.swift */; };
		D97F9E0223D528A600E1EAAB /* Person.swift in Sources */ = {isa = PBXBuildFile; fileRef = D97F9E0123D528A600E1EAAB /* Person.swift */; };
/* End PBXBuildFile section */

/* Begin PBXFileReference section */
		D97F9DE823D3A66D00E1EAAB /* Project10.app */ = {isa = PBXFileReference; explicitFileType = wrapper.application; includeInIndex = 0; path = Project10.app; sourceTree = BUILT_PRODUCTS_DIR; };
		D97F9DEB23D3A66D00E1EAAB /* AppDelegate.swift */ = {isa = PBXFileReference; lastKnownFileType = sourcecode.swift; path = AppDelegate.swift; sourceTree = "<group>"; };
		D97F9DED23D3A66D00E1EAAB /* SceneDelegate.swift */ = {isa = PBXFileReference; lastKnownFileType = sourcecode.swift; path = SceneDelegate.swift; sourceTree = "<group>"; };
		D97F9DEF23D3A66D00E1EAAB /* ViewController.swift */ = {isa = PBXFileReference; lastKnownFileType = sourcecode.swift; path = ViewController.swift; sourceTree = "<group>"; };
		D97F9DF223D3A66D00E1EAAB /* Base */ = {isa = PBXFileReference; lastKnownFileType = file.storyboard; name = Base; path = Base.lproj/Main.storyboard; sourceTree = "<group>"; };
		D97F9DF423D3A68300E1EAAB /* Assets.xcassets */ = {isa = PBXFileReference; lastKnownFileType = folder.assetcatalog; path = Assets.xcassets; sourceTree = "<group>"; };
		D97F9DF723D3A68300E1EAAB /* Base */ = {isa = PBXFileReference; lastKnownFileType = file.storyboard; name = Base; path = Base.lproj/LaunchScreen.storyboard; sourceTree = "<group>"; };
		D97F9DF923D3A68300E1EAAB /* Info.plist */ = {isa = PBXFileReference; lastKnownFileType = text.plist.xml; path = Info.plist; sourceTree = "<group>"; };
		D97F9DFF23D3B49F00E1EAAB /* PersonCell.swift */ = {isa = PBXFileReference; lastKnownFileType = sourcecode.swift; path = PersonCell.swift; sourceTree = "<group>"; };
		D97F9E0123D528A600E1EAAB /* Person.swift */ = {isa = PBXFileReference; lastKnownFileType = sourcecode.swift; path = Person.swift; sourceTree = "<group>"; };
/* End PBXFileReference section */

/* Begin PBXFrameworksBuildPhase section */
		D97F9DE523D3A66D00E1EAAB /* Frameworks */ = {
			isa = PBXFrameworksBuildPhase;
			buildActionMask = 2147483647;
			files = (
			);
			runOnlyForDeploymentPostprocessing = 0;
		};
/* End PBXFrameworksBuildPhase section */

/* Begin PBXGroup section */
		D97F9DDF23D3A66C00E1EAAB = {
			isa = PBXGroup;
			children = (
				D97F9DEA23D3A66D00E1EAAB /* Project10 */,
				D97F9DE923D3A66D00E1EAAB /* Products */,
			);
			sourceTree = "<group>";
		};
		D97F9DE923D3A66D00E1EAAB /* Products */ = {
			isa = PBXGroup;
			children = (
				D97F9DE823D3A66D00E1EAAB /* Project10.app */,
			);
			name = Products;
			sourceTree = "<group>";
		};
		D97F9DEA23D3A66D00E1EAAB /* Project10 */ = {
			isa = PBXGroup;
			children = (
				D97F9DEB23D3A66D00E1EAAB /* AppDelegate.swift */,
				D97F9DED23D3A66D00E1EAAB /* SceneDelegate.swift */,
				D97F9DEF23D3A66D00E1EAAB /* ViewController.swift */,
				D97F9E0123D528A600E1EAAB /* Person.swift */,
				D97F9DF123D3A66D00E1EAAB /* Main.storyboard */,
				D97F9DFF23D3B49F00E1EAAB /* PersonCell.swift */,
				D97F9DF423D3A68300E1EAAB /* Assets.xcassets */,
				D97F9DF623D3A68300E1EAAB /* LaunchScreen.storyboard */,
				D97F9DF923D3A68300E1EAAB /* Info.plist */,
			);
			path = Project10;
			sourceTree = "<group>";
		};
/* End PBXGroup section */

/* Begin PBXNativeTarget section */
		D97F9DE723D3A66D00E1EAAB /* Project10 */ = {
			isa = PBXNativeTarget;
			buildConfigurationList = D97F9DFC23D3A68300E1EAAB /* Build configuration list for PBXNativeTarget "Project10" */;
			buildPhases = (
				D97F9DE423D3A66D00E1EAAB /* Sources */,
				D97F9DE523D3A66D00E1EAAB /* Frameworks */,
				D97F9DE623D3A66D00E1EAAB /* Resources */,
			);
			buildRules = (
			);
			dependencies = (
			);
			name = Project10;
			productName = Project10;
			productReference = D97F9DE823D3A66D00E1EAAB /* Project10.app */;
			productType = "com.apple.product-type.application";
		};
/* End PBXNativeTarget section */

/* Begin PBXProject section */
		D97F9DE023D3A66C00E1EAAB /* Project object */ = {
			isa = PBXProject;
			attributes = {
				LastSwiftUpdateCheck = 1130;
				LastUpgradeCheck = 1130;
				ORGANIZATIONNAME = "Sabrina Sturtevant";
				TargetAttributes = {
					D97F9DE723D3A66D00E1EAAB = {
						CreatedOnToolsVersion = 11.3.1;
					};
				};
			};
			buildConfigurationList = D97F9DE323D3A66C00E1EAAB /* Build configuration list for PBXProject "Project10" */;
			compatibilityVersion = "Xcode 9.3";
			developmentRegion = en;
			hasScannedForEncodings = 0;
			knownRegions = (
				en,
				Base,
			);
			mainGroup = D97F9DDF23D3A66C00E1EAAB;
			productRefGroup = D97F9DE923D3A66D00E1EAAB /* Products */;
			projectDirPath = "";
			projectRoot = "";
			targets = (
				D97F9DE723D3A66D00E1EAAB /* Project10 */,
			);
		};
/* End PBXProject section */

/* Begin PBXResourcesBuildPhase section */
		D97F9DE623D3A66D00E1EAAB /* Resources */ = {
			isa = PBXResourcesBuildPhase;
			buildActionMask = 2147483647;
			files = (
				D97F9DF823D3A68300E1EAAB /* LaunchScreen.storyboard in Resources */,
				D97F9DF523D3A68300E1EAAB /* Assets.xcassets in Resources */,
				D97F9DF323D3A66D00E1EAAB /* Main.storyboard in Resources */,
			);
			runOnlyForDeploymentPostprocessing = 0;
		};
/* End PBXResourcesBuildPhase section */

/* Begin PBXSourcesBuildPhase section */
		D97F9DE423D3A66D00E1EAAB /* Sources */ = {
			isa = PBXSourcesBuildPhase;
			buildActionMask = 2147483647;
			files = (
				D97F9E0223D528A600E1EAAB /* Person.swift in Sources */,
				D97F9DF023D3A66D00E1EAAB /* ViewController.swift in Sources */,
				D97F9DEC23D3A66D00E1EAAB /* AppDelegate.swift in Sources */,
				D97F9E0023D3B49F00E1EAAB /* PersonCell.swift in Sources */,
				D97F9DEE23D3A66D00E1EAAB /* SceneDelegate.swift in Sources */,
			);
			runOnlyForDeploymentPostprocessing = 0;
		};
/* End PBXSourcesBuildPhase section */

/* Begin PBXVariantGroup section */
		D97F9DF123D3A66D00E1EAAB /* Main.storyboard */ = {
			isa = PBXVariantGroup;
			children = (
				D97F9DF223D3A66D00E1EAAB /* Base */,
			);
			name = Main.storyboard;
			sourceTree = "<group>";
		};
		D97F9DF623D3A68300E1EAAB /* LaunchScreen.storyboard */ = {
			isa = PBXVariantGroup;
			children = (
				D97F9DF723D3A68300E1EAAB /* Base */,
			);
			name = LaunchScreen.storyboard;
			sourceTree = "<group>";
		};
/* End PBXVariantGroup section */

/* Begin XCBuildConfiguration section */
		D97F9DFA23D3A68300E1EAAB /* Debug */ = {
			isa = XCBuildConfiguration;
			buildSettings = {
				ALWAYS_SEARCH_USER_PATHS = NO;
				CLANG_ANALYZER_NONNULL = YES;
				CLANG_ANALYZER_NUMBER_OBJECT_CONVERSION = YES_AGGRESSIVE;
				CLANG_CXX_LANGUAGE_STANDARD = "gnu++14";
				CLANG_CXX_LIBRARY = "libc++";
				CLANG_ENABLE_MODULES = YES;
				CLANG_ENABLE_OBJC_ARC = YES;
				CLANG_ENABLE_OBJC_WEAK = YES;
				CLANG_WARN_BLOCK_CAPTURE_AUTORELEASING = YES;
				CLANG_WARN_BOOL_CONVERSION = YES;
				CLANG_WARN_COMMA = YES;
				CLANG_WARN_CONSTANT_CONVERSION = YES;
				CLANG_WARN_DEPRECATED_OBJC_IMPLEMENTATIONS = YES;
				CLANG_WARN_DIRECT_OBJC_ISA_USAGE = YES_ERROR;
				CLANG_WARN_DOCUMENTATION_COMMENTS = YES;
				CLANG_WARN_EMPTY_BODY = YES;
				CLANG_WARN_ENUM_CONVERSION = YES;
				CLANG_WARN_INFINITE_RECURSION = YES;
				CLANG_WARN_INT_CONVERSION = YES;
				CLANG_WARN_NON_LITERAL_NULL_CONVERSION = YES;
				CLANG_WARN_OBJC_IMPLICIT_RETAIN_SELF = YES;
				CLANG_WARN_OBJC_LITERAL_CONVERSION = YES;
				CLANG_WARN_OBJC_ROOT_CLASS = YES_ERROR;
				CLANG_WARN_RANGE_LOOP_ANALYSIS = YES;
				CLANG_WARN_STRICT_PROTOTYPES = YES;
				CLANG_WARN_SUSPICIOUS_MOVE = YES;
				CLANG_WARN_UNGUARDED_AVAILABILITY = YES_AGGRESSIVE;
				CLANG_WARN_UNREACHABLE_CODE = YES;
				CLANG_WARN__DUPLICATE_METHOD_MATCH = YES;
				COPY_PHASE_STRIP = NO;
				DEBUG_INFORMATION_FORMAT = dwarf;
				ENABLE_STRICT_OBJC_MSGSEND = YES;
				ENABLE_TESTABILITY = YES;
				GCC_C_LANGUAGE_STANDARD = gnu11;
				GCC_DYNAMIC_NO_PIC = NO;
				GCC_NO_COMMON_BLOCKS = YES;
				GCC_OPTIMIZATION_LEVEL = 0;
				GCC_PREPROCESSOR_DEFINITIONS = (
					"DEBUG=1",
					"$(inherited)",
				);
				GCC_WARN_64_TO_32_BIT_CONVERSION = YES;
				GCC_WARN_ABOUT_RETURN_TYPE = YES_ERROR;
				GCC_WARN_UNDECLARED_SELECTOR = YES;
				GCC_WARN_UNINITIALIZED_AUTOS = YES_AGGRESSIVE;
				GCC_WARN_UNUSED_FUNCTION = YES;
				GCC_WARN_UNUSED_VARIABLE = YES;
				IPHONEOS_DEPLOYMENT_TARGET = 13.2;
				MTL_ENABLE_DEBUG_INFO = INCLUDE_SOURCE;
				MTL_FAST_MATH = YES;
				ONLY_ACTIVE_ARCH = YES;
				SDKROOT = iphoneos;
				SWIFT_ACTIVE_COMPILATION_CONDITIONS = DEBUG;
				SWIFT_OPTIMIZATION_LEVEL = "-Onone";
			};
			name = Debug;
		};
		D97F9DFB23D3A68300E1EAAB /* Release */ = {
			isa = XCBuildConfiguration;
			buildSettings = {
				ALWAYS_SEARCH_USER_PATHS = NO;
				CLANG_ANALYZER_NONNULL = YES;
				CLANG_ANALYZER_NUMBER_OBJECT_CONVERSION = YES_AGGRESSIVE;
				CLANG_CXX_LANGUAGE_STANDARD = "gnu++14";
				CLANG_CXX_LIBRARY = "libc++";
				CLANG_ENABLE_MODULES = YES;
				CLANG_ENABLE_OBJC_ARC = YES;
				CLANG_ENABLE_OBJC_WEAK = YES;
				CLANG_WARN_BLOCK_CAPTURE_AUTORELEASING = YES;
				CLANG_WARN_BOOL_CONVERSION = YES;
				CLANG_WARN_COMMA = YES;
				CLANG_WARN_CONSTANT_CONVERSION = YES;
				CLANG_WARN_DEPRECATED_OBJC_IMPLEMENTATIONS = YES;
				CLANG_WARN_DIRECT_OBJC_ISA_USAGE = YES_ERROR;
				CLANG_WARN_DOCUMENTATION_COMMENTS = YES;
				CLANG_WARN_EMPTY_BODY = YES;
				CLANG_WARN_ENUM_CONVERSION = YES;
				CLANG_WARN_INFINITE_RECURSION = YES;
				CLANG_WARN_INT_CONVERSION = YES;
				CLANG_WARN_NON_LITERAL_NULL_CONVERSION = YES;
				CLANG_WARN_OBJC_IMPLICIT_RETAIN_SELF = YES;
				CLANG_WARN_OBJC_LITERAL_CONVERSION = YES;
				CLANG_WARN_OBJC_ROOT_CLASS = YES_ERROR;
				CLANG_WARN_RANGE_LOOP_ANALYSIS = YES;
				CLANG_WARN_STRICT_PROTOTYPES = YES;
				CLANG_WARN_SUSPICIOUS_MOVE = YES;
				CLANG_WARN_UNGUARDED_AVAILABILITY = YES_AGGRESSIVE;
				CLANG_WARN_UNREACHABLE_CODE = YES;
				CLANG_WARN__DUPLICATE_METHOD_MATCH = YES;
				COPY_PHASE_STRIP = NO;
				DEBUG_INFORMATION_FORMAT = "dwarf-with-dsym";
				ENABLE_NS_ASSERTIONS = NO;
				ENABLE_STRICT_OBJC_MSGSEND = YES;
				GCC_C_LANGUAGE_STANDARD = gnu11;
				GCC_NO_COMMON_BLOCKS = YES;
				GCC_WARN_64_TO_32_BIT_CONVERSION = YES;
				GCC_WARN_ABOUT_RETURN_TYPE = YES_ERROR;
				GCC_WARN_UNDECLARED_SELECTOR = YES;
				GCC_WARN_UNINITIALIZED_AUTOS = YES_AGGRESSIVE;
				GCC_WARN_UNUSED_FUNCTION = YES;
				GCC_WARN_UNUSED_VARIABLE = YES;
				IPHONEOS_DEPLOYMENT_TARGET = 13.2;
				MTL_ENABLE_DEBUG_INFO = NO;
				MTL_FAST_MATH = YES;
				SDKROOT = iphoneos;
				SWIFT_COMPILATION_MODE = wholemodule;
				SWIFT_OPTIMIZATION_LEVEL = "-O";
				VALIDATE_PRODUCT = YES;
			};
			name = Release;
		};
		D97F9DFD23D3A68300E1EAAB /* Debug */ = {
			isa = XCBuildConfiguration;
			buildSettings = {
				ASSETCATALOG_COMPILER_APPICON_NAME = AppIcon;
				CODE_SIGN_STYLE = Automatic;
				INFOPLIST_FILE = Project10/Info.plist;
				LD_RUNPATH_SEARCH_PATHS = (
					"$(inherited)",
					"@executable_path/Frameworks",
				);
				PRODUCT_BUNDLE_IDENTIFIER = com.example.Project10;
				PRODUCT_NAME = "$(TARGET_NAME)";
				SWIFT_VERSION = 5.0;
				TARGETED_DEVICE_FAMILY = "1,2";
			};
			name = Debug;
		};
		D97F9DFE23D3A68300E1EAAB /* Release */ = {
			isa = XCBuildConfiguration;
			buildSettings = {
				ASSETCATALOG_COMPILER_APPICON_NAME = AppIcon;
				CODE_SIGN_STYLE = Automatic;
				INFOPLIST_FILE = Project10/Info.plist;
				LD_RUNPATH_SEARCH_PATHS = (
					"$(inherited)",
					"@executable_path/Frameworks",
				);
				PRODUCT_BUNDLE_IDENTIFIER = com.example.Project10;
				PRODUCT_NAME = "$(TARGET_NAME)";
				SWIFT_VERSION = 5.0;
				TARGETED_DEVICE_FAMILY = "1,2";
			};
			name = Release;
		};
/* End XCBuildConfiguration section */

/* Begin XCConfigurationList section */
		D97F9DE323D3A66C00E1EAAB /* Build configuration list for PBXProject "Project10" */ = {
			isa = XCConfigurationList;
			buildConfigurations = (
				D97F9DFA23D3A68300E1EAAB /* Debug */,
				D97F9DFB23D3A68300E1EAAB /* Release */,
			);
			defaultConfigurationIsVisible = 0;
			defaultConfigurationName = Release;
		};
		D97F9DFC23D3A68300E1EAAB /* Build configuration list for PBXNativeTarget "Project10" */ = {
			isa = XCConfigurationList;
			buildConfigurations = (
				D97F9DFD23D3A68300E1EAAB /* Debug */,
				D97F9DFE23D3A68300E1EAAB /* Release */,
			);
			defaultConfigurationIsVisible = 0;
			defaultConfigurationName = Release;
		};
/* End XCConfigurationList section */
	};
	rootObject = D97F9DE023D3A66C00E1EAAB /* Project object */;
}
