// !$*UTF8*$!
{
	archiveVersion = 1;
	classes = {
	};
	objectVersion = 50;
	objects = {

/* Begin PBXBuildFile section */
		D9982BCC23B2CA6800C8F6F4 /* AppDelegate.swift in Sources */ = {isa = PBXBuildFile; fileRef = D9982BCB23B2CA6800C8F6F4 /* AppDelegate.swift */; };
		D9982BCE23B2CA6800C8F6F4 /* SceneDelegate.swift in Sources */ = {isa = PBXBuildFile; fileRef = D9982BCD23B2CA6800C8F6F4 /* SceneDelegate.swift */; };
		D9982BD023B2CA6800C8F6F4 /* ViewController.swift in Sources */ = {isa = PBXBuildFile; fileRef = D9982BCF23B2CA6800C8F6F4 /* ViewController.swift */; };
		D9982BD323B2CA6800C8F6F4 /* Main.storyboard in Resources */ = {isa = PBXBuildFile; fileRef = D9982BD123B2CA6800C8F6F4 /* Main.storyboard */; };
		D9982BD523B2CA7C00C8F6F4 /* Assets.xcassets in Resources */ = {isa = PBXBuildFile; fileRef = D9982BD423B2CA7C00C8F6F4 /* Assets.xcassets */; };
		D9982BD823B2CA7C00C8F6F4 /* LaunchScreen.storyboard in Resources */ = {isa = PBXBuildFile; fileRef = D9982BD623B2CA7C00C8F6F4 /* LaunchScreen.storyboard */; };
		D9982BEA23B2CD1100C8F6F4 /* pic9.jpg in Resources */ = {isa = PBXBuildFile; fileRef = D9982BE023B2CD1100C8F6F4 /* pic9.jpg */; };
		D9982BEB23B2CD1100C8F6F4 /* pic8.jpg in Resources */ = {isa = PBXBuildFile; fileRef = D9982BE123B2CD1100C8F6F4 /* pic8.jpg */; };
		D9982BEC23B2CD1100C8F6F4 /* pic10.jpg in Resources */ = {isa = PBXBuildFile; fileRef = D9982BE223B2CD1100C8F6F4 /* pic10.jpg */; };
		D9982BED23B2CD1100C8F6F4 /* pic1.jpg in Resources */ = {isa = PBXBuildFile; fileRef = D9982BE323B2CD1100C8F6F4 /* pic1.jpg */; };
		D9982BEE23B2CD1100C8F6F4 /* pic3.jpg in Resources */ = {isa = PBXBuildFile; fileRef = D9982BE423B2CD1100C8F6F4 /* pic3.jpg */; };
		D9982BEF23B2CD1100C8F6F4 /* pic2.jpg in Resources */ = {isa = PBXBuildFile; fileRef = D9982BE523B2CD1100C8F6F4 /* pic2.jpg */; };
		D9982BF023B2CD1100C8F6F4 /* pic6.jpg in Resources */ = {isa = PBXBuildFile; fileRef = D9982BE623B2CD1100C8F6F4 /* pic6.jpg */; };
		D9982BF123B2CD1100C8F6F4 /* pic7.jpg in Resources */ = {isa = PBXBuildFile; fileRef = D9982BE723B2CD1100C8F6F4 /* pic7.jpg */; };
		D9982BF223B2CD1100C8F6F4 /* pic5.jpg in Resources */ = {isa = PBXBuildFile; fileRef = D9982BE823B2CD1100C8F6F4 /* pic5.jpg */; };
		D9982BF323B2CD1100C8F6F4 /* pic4.jpg in Resources */ = {isa = PBXBuildFile; fileRef = D9982BE923B2CD1100C8F6F4 /* pic4.jpg */; };
		D9982BF523B3EB5500C8F6F4 /* DetailViewController.swift in Sources */ = {isa = PBXBuildFile; fileRef = D9982BF423B3EB5500C8F6F4 /* DetailViewController.swift */; };
/* End PBXBuildFile section */

/* Begin PBXFileReference section */
		D9982BC823B2CA6800C8F6F4 /* Project1.app */ = {isa = PBXFileReference; explicitFileType = wrapper.application; includeInIndex = 0; path = Project1.app; sourceTree = BUILT_PRODUCTS_DIR; };
		D9982BCB23B2CA6800C8F6F4 /* AppDelegate.swift */ = {isa = PBXFileReference; lastKnownFileType = sourcecode.swift; path = AppDelegate.swift; sourceTree = "<group>"; };
		D9982BCD23B2CA6800C8F6F4 /* SceneDelegate.swift */ = {isa = PBXFileReference; lastKnownFileType = sourcecode.swift; path = SceneDelegate.swift; sourceTree = "<group>"; };
		D9982BCF23B2CA6800C8F6F4 /* ViewController.swift */ = {isa = PBXFileReference; lastKnownFileType = sourcecode.swift; path = ViewController.swift; sourceTree = "<group>"; };
		D9982BD223B2CA6800C8F6F4 /* Base */ = {isa = PBXFileReference; lastKnownFileType = file.storyboard; name = Base; path = Base.lproj/Main.storyboard; sourceTree = "<group>"; };
		D9982BD423B2CA7C00C8F6F4 /* Assets.xcassets */ = {isa = PBXFileReference; lastKnownFileType = folder.assetcatalog; path = Assets.xcassets; sourceTree = "<group>"; };
		D9982BD723B2CA7C00C8F6F4 /* Base */ = {isa = PBXFileReference; lastKnownFileType = file.storyboard; name = Base; path = Base.lproj/LaunchScreen.storyboard; sourceTree = "<group>"; };
		D9982BD923B2CA7C00C8F6F4 /* Info.plist */ = {isa = PBXFileReference; lastKnownFileType = text.plist.xml; path = Info.plist; sourceTree = "<group>"; };
		D9982BE023B2CD1100C8F6F4 /* pic9.jpg */ = {isa = PBXFileReference; lastKnownFileType = image.jpeg; path = pic9.jpg; sourceTree = "<group>"; };
		D9982BE123B2CD1100C8F6F4 /* pic8.jpg */ = {isa = PBXFileReference; lastKnownFileType = image.jpeg; path = pic8.jpg; sourceTree = "<group>"; };
		D9982BE223B2CD1100C8F6F4 /* pic10.jpg */ = {isa = PBXFileReference; lastKnownFileType = image.jpeg; path = pic10.jpg; sourceTree = "<group>"; };
		D9982BE323B2CD1100C8F6F4 /* pic1.jpg */ = {isa = PBXFileReference; lastKnownFileType = image.jpeg; path = pic1.jpg; sourceTree = "<group>"; };
		D9982BE423B2CD1100C8F6F4 /* pic3.jpg */ = {isa = PBXFileReference; lastKnownFileType = image.jpeg; path = pic3.jpg; sourceTree = "<group>"; };
		D9982BE523B2CD1100C8F6F4 /* pic2.jpg */ = {isa = PBXFileReference; lastKnownFileType = image.jpeg; path = pic2.jpg; sourceTree = "<group>"; };
		D9982BE623B2CD1100C8F6F4 /* pic6.jpg */ = {isa = PBXFileReference; lastKnownFileType = image.jpeg; path = pic6.jpg; sourceTree = "<group>"; };
		D9982BE723B2CD1100C8F6F4 /* pic7.jpg */ = {isa = PBXFileReference; lastKnownFileType = image.jpeg; path = pic7.jpg; sourceTree = "<group>"; };
		D9982BE823B2CD1100C8F6F4 /* pic5.jpg */ = {isa = PBXFileReference; lastKnownFileType = image.jpeg; path = pic5.jpg; sourceTree = "<group>"; };
		D9982BE923B2CD1100C8F6F4 /* pic4.jpg */ = {isa = PBXFileReference; lastKnownFileType = image.jpeg; path = pic4.jpg; sourceTree = "<group>"; };
		D9982BF423B3EB5500C8F6F4 /* DetailViewController.swift */ = {isa = PBXFileReference; lastKnownFileType = sourcecode.swift; path = DetailViewController.swift; sourceTree = "<group>"; };
/* End PBXFileReference section */

/* Begin PBXFrameworksBuildPhase section */
		D9982BC523B2CA6800C8F6F4 /* Frameworks */ = {
			isa = PBXFrameworksBuildPhase;
			buildActionMask = 2147483647;
			files = (
			);
			runOnlyForDeploymentPostprocessing = 0;
		};
/* End PBXFrameworksBuildPhase section */

/* Begin PBXGroup section */
		D9982BBF23B2CA6800C8F6F4 = {
			isa = PBXGroup;
			children = (
				D9982BCA23B2CA6800C8F6F4 /* Project1 */,
				D9982BC923B2CA6800C8F6F4 /* Products */,
			);
			sourceTree = "<group>";
		};
		D9982BC923B2CA6800C8F6F4 /* Products */ = {
			isa = PBXGroup;
			children = (
				D9982BC823B2CA6800C8F6F4 /* Project1.app */,
			);
			name = Products;
			sourceTree = "<group>";
		};
		D9982BCA23B2CA6800C8F6F4 /* Project1 */ = {
			isa = PBXGroup;
			children = (
				D9982BCB23B2CA6800C8F6F4 /* AppDelegate.swift */,
				D9982BCD23B2CA6800C8F6F4 /* SceneDelegate.swift */,
				D9982BCF23B2CA6800C8F6F4 /* ViewController.swift */,
				D9982BD123B2CA6800C8F6F4 /* Main.storyboard */,
				D9982BF423B3EB5500C8F6F4 /* DetailViewController.swift */,
				D9982BD423B2CA7C00C8F6F4 /* Assets.xcassets */,
				D9982BD623B2CA7C00C8F6F4 /* LaunchScreen.storyboard */,
				D9982BD923B2CA7C00C8F6F4 /* Info.plist */,
				D9982BDF23B2CD1100C8F6F4 /* project1Pics */,
			);
			path = Project1;
			sourceTree = "<group>";
		};
		D9982BDF23B2CD1100C8F6F4 /* project1Pics */ = {
			isa = PBXGroup;
			children = (
				D9982BE023B2CD1100C8F6F4 /* pic9.jpg */,
				D9982BE123B2CD1100C8F6F4 /* pic8.jpg */,
				D9982BE223B2CD1100C8F6F4 /* pic10.jpg */,
				D9982BE323B2CD1100C8F6F4 /* pic1.jpg */,
				D9982BE423B2CD1100C8F6F4 /* pic3.jpg */,
				D9982BE523B2CD1100C8F6F4 /* pic2.jpg */,
				D9982BE623B2CD1100C8F6F4 /* pic6.jpg */,
				D9982BE723B2CD1100C8F6F4 /* pic7.jpg */,
				D9982BE823B2CD1100C8F6F4 /* pic5.jpg */,
				D9982BE923B2CD1100C8F6F4 /* pic4.jpg */,
			);
			path = project1Pics;
			sourceTree = "<group>";
		};
/* End PBXGroup section */

/* Begin PBXNativeTarget section */
		D9982BC723B2CA6800C8F6F4 /* Project1 */ = {
			isa = PBXNativeTarget;
			buildConfigurationList = D9982BDC23B2CA7C00C8F6F4 /* Build configuration list for PBXNativeTarget "Project1" */;
			buildPhases = (
				D9982BC423B2CA6800C8F6F4 /* Sources */,
				D9982BC523B2CA6800C8F6F4 /* Frameworks */,
				D9982BC623B2CA6800C8F6F4 /* Resources */,
			);
			buildRules = (
			);
			dependencies = (
			);
			name = Project1;
			productName = Project1;
			productReference = D9982BC823B2CA6800C8F6F4 /* Project1.app */;
			productType = "com.apple.product-type.application";
		};
/* End PBXNativeTarget section */

/* Begin PBXProject section */
		D9982BC023B2CA6800C8F6F4 /* Project object */ = {
			isa = PBXProject;
			attributes = {
				LastSwiftUpdateCheck = 1110;
				LastUpgradeCheck = 1110;
				TargetAttributes = {
					D9982BC723B2CA6800C8F6F4 = {
						CreatedOnToolsVersion = 11.1;
					};
				};
			};
			buildConfigurationList = D9982BC323B2CA6800C8F6F4 /* Build configuration list for PBXProject "Project1" */;
			compatibilityVersion = "Xcode 9.3";
			developmentRegion = en;
			hasScannedForEncodings = 0;
			knownRegions = (
				en,
				Base,
			);
			mainGroup = D9982BBF23B2CA6800C8F6F4;
			productRefGroup = D9982BC923B2CA6800C8F6F4 /* Products */;
			projectDirPath = "";
			projectRoot = "";
			targets = (
				D9982BC723B2CA6800C8F6F4 /* Project1 */,
			);
		};
/* End PBXProject section */

/* Begin PBXResourcesBuildPhase section */
		D9982BC623B2CA6800C8F6F4 /* Resources */ = {
			isa = PBXResourcesBuildPhase;
			buildActionMask = 2147483647;
			files = (
				D9982BEA23B2CD1100C8F6F4 /* pic9.jpg in Resources */,
				D9982BF023B2CD1100C8F6F4 /* pic6.jpg in Resources */,
				D9982BF123B2CD1100C8F6F4 /* pic7.jpg in Resources */,
				D9982BEB23B2CD1100C8F6F4 /* pic8.jpg in Resources */,
				D9982BF223B2CD1100C8F6F4 /* pic5.jpg in Resources */,
				D9982BD823B2CA7C00C8F6F4 /* LaunchScreen.storyboard in Resources */,
				D9982BF323B2CD1100C8F6F4 /* pic4.jpg in Resources */,
				D9982BD523B2CA7C00C8F6F4 /* Assets.xcassets in Resources */,
				D9982BEF23B2CD1100C8F6F4 /* pic2.jpg in Resources */,
				D9982BD323B2CA6800C8F6F4 /* Main.storyboard in Resources */,
				D9982BED23B2CD1100C8F6F4 /* pic1.jpg in Resources */,
				D9982BEE23B2CD1100C8F6F4 /* pic3.jpg in Resources */,
				D9982BEC23B2CD1100C8F6F4 /* pic10.jpg in Resources */,
			);
			runOnlyForDeploymentPostprocessing = 0;
		};
/* End PBXResourcesBuildPhase section */

/* Begin PBXSourcesBuildPhase section */
		D9982BC423B2CA6800C8F6F4 /* Sources */ = {
			isa = PBXSourcesBuildPhase;
			buildActionMask = 2147483647;
			files = (
				D9982BD023B2CA6800C8F6F4 /* ViewController.swift in Sources */,
				D9982BCC23B2CA6800C8F6F4 /* AppDelegate.swift in Sources */,
				D9982BCE23B2CA6800C8F6F4 /* SceneDelegate.swift in Sources */,
				D9982BF523B3EB5500C8F6F4 /* DetailViewController.swift in Sources */,
			);
			runOnlyForDeploymentPostprocessing = 0;
		};
/* End PBXSourcesBuildPhase section */

/* Begin PBXVariantGroup section */
		D9982BD123B2CA6800C8F6F4 /* Main.storyboard */ = {
			isa = PBXVariantGroup;
			children = (
				D9982BD223B2CA6800C8F6F4 /* Base */,
			);
			name = Main.storyboard;
			sourceTree = "<group>";
		};
		D9982BD623B2CA7C00C8F6F4 /* LaunchScreen.storyboard */ = {
			isa = PBXVariantGroup;
			children = (
				D9982BD723B2CA7C00C8F6F4 /* Base */,
			);
			name = LaunchScreen.storyboard;
			sourceTree = "<group>";
		};
/* End PBXVariantGroup section */

/* Begin XCBuildConfiguration section */
		D9982BDA23B2CA7C00C8F6F4 /* Debug */ = {
			isa = XCBuildConfiguration;
			buildSettings = {
				ALWAYS_SEARCH_USER_PATHS = NO;
				CLANG_ANALYZER_NONNULL = YES;
				CLANG_ANALYZER_NUMBER_OBJECT_CONVERSION = YES_AGGRESSIVE;
				CLANG_CXX_LANGUAGE_STANDARD = "gnu++14";
				CLANG_CXX_LIBRARY = "libc++";
				CLANG_ENABLE_MODULES = YES;
				CLANG_ENABLE_OBJC_ARC = YES;
				CLANG_ENABLE_OBJC_WEAK = YES;
				CLANG_WARN_BLOCK_CAPTURE_AUTORELEASING = YES;
				CLANG_WARN_BOOL_CONVERSION = YES;
				CLANG_WARN_COMMA = YES;
				CLANG_WARN_CONSTANT_CONVERSION = YES;
				CLANG_WARN_DEPRECATED_OBJC_IMPLEMENTATIONS = YES;
				CLANG_WARN_DIRECT_OBJC_ISA_USAGE = YES_ERROR;
				CLANG_WARN_DOCUMENTATION_COMMENTS = YES;
				CLANG_WARN_EMPTY_BODY = YES;
				CLANG_WARN_ENUM_CONVERSION = YES;
				CLANG_WARN_INFINITE_RECURSION = YES;
				CLANG_WARN_INT_CONVERSION = YES;
				CLANG_WARN_NON_LITERAL_NULL_CONVERSION = YES;
				CLANG_WARN_OBJC_IMPLICIT_RETAIN_SELF = YES;
				CLANG_WARN_OBJC_LITERAL_CONVERSION = YES;
				CLANG_WARN_OBJC_ROOT_CLASS = YES_ERROR;
				CLANG_WARN_RANGE_LOOP_ANALYSIS = YES;
				CLANG_WARN_STRICT_PROTOTYPES = YES;
				CLANG_WARN_SUSPICIOUS_MOVE = YES;
				CLANG_WARN_UNGUARDED_AVAILABILITY = YES_AGGRESSIVE;
				CLANG_WARN_UNREACHABLE_CODE = YES;
				CLANG_WARN__DUPLICATE_METHOD_MATCH = YES;
				COPY_PHASE_STRIP = NO;
				DEBUG_INFORMATION_FORMAT = dwarf;
				ENABLE_STRICT_OBJC_MSGSEND = YES;
				ENABLE_TESTABILITY = YES;
				GCC_C_LANGUAGE_STANDARD = gnu11;
				GCC_DYNAMIC_NO_PIC = NO;
				GCC_NO_COMMON_BLOCKS = YES;
				GCC_OPTIMIZATION_LEVEL = 0;
				GCC_PREPROCESSOR_DEFINITIONS = (
					"DEBUG=1",
					"$(inherited)",
				);
				GCC_WARN_64_TO_32_BIT_CONVERSION = YES;
				GCC_WARN_ABOUT_RETURN_TYPE = YES_ERROR;
				GCC_WARN_UNDECLARED_SELECTOR = YES;
				GCC_WARN_UNINITIALIZED_AUTOS = YES_AGGRESSIVE;
				GCC_WARN_UNUSED_FUNCTION = YES;
				GCC_WARN_UNUSED_VARIABLE = YES;
				IPHONEOS_DEPLOYMENT_TARGET = 13.1;
				MTL_ENABLE_DEBUG_INFO = INCLUDE_SOURCE;
				MTL_FAST_MATH = YES;
				ONLY_ACTIVE_ARCH = YES;
				SDKROOT = iphoneos;
				SWIFT_ACTIVE_COMPILATION_CONDITIONS = DEBUG;
				SWIFT_OPTIMIZATION_LEVEL = "-Onone";
			};
			name = Debug;
		};
		D9982BDB23B2CA7C00C8F6F4 /* Release */ = {
			isa = XCBuildConfiguration;
			buildSettings = {
				ALWAYS_SEARCH_USER_PATHS = NO;
				CLANG_ANALYZER_NONNULL = YES;
				CLANG_ANALYZER_NUMBER_OBJECT_CONVERSION = YES_AGGRESSIVE;
				CLANG_CXX_LANGUAGE_STANDARD = "gnu++14";
				CLANG_CXX_LIBRARY = "libc++";
				CLANG_ENABLE_MODULES = YES;
				CLANG_ENABLE_OBJC_ARC = YES;
				CLANG_ENABLE_OBJC_WEAK = YES;
				CLANG_WARN_BLOCK_CAPTURE_AUTORELEASING = YES;
				CLANG_WARN_BOOL_CONVERSION = YES;
				CLANG_WARN_COMMA = YES;
				CLANG_WARN_CONSTANT_CONVERSION = YES;
				CLANG_WARN_DEPRECATED_OBJC_IMPLEMENTATIONS = YES;
				CLANG_WARN_DIRECT_OBJC_ISA_USAGE = YES_ERROR;
				CLANG_WARN_DOCUMENTATION_COMMENTS = YES;
				CLANG_WARN_EMPTY_BODY = YES;
				CLANG_WARN_ENUM_CONVERSION = YES;
				CLANG_WARN_INFINITE_RECURSION = YES;
				CLANG_WARN_INT_CONVERSION = YES;
				CLANG_WARN_NON_LITERAL_NULL_CONVERSION = YES;
				CLANG_WARN_OBJC_IMPLICIT_RETAIN_SELF = YES;
				CLANG_WARN_OBJC_LITERAL_CONVERSION = YES;
				CLANG_WARN_OBJC_ROOT_CLASS = YES_ERROR;
				CLANG_WARN_RANGE_LOOP_ANALYSIS = YES;
				CLANG_WARN_STRICT_PROTOTYPES = YES;
				CLANG_WARN_SUSPICIOUS_MOVE = YES;
				CLANG_WARN_UNGUARDED_AVAILABILITY = YES_AGGRESSIVE;
				CLANG_WARN_UNREACHABLE_CODE = YES;
				CLANG_WARN__DUPLICATE_METHOD_MATCH = YES;
				COPY_PHASE_STRIP = NO;
				DEBUG_INFORMATION_FORMAT = "dwarf-with-dsym";
				ENABLE_NS_ASSERTIONS = NO;
				ENABLE_STRICT_OBJC_MSGSEND = YES;
				GCC_C_LANGUAGE_STANDARD = gnu11;
				GCC_NO_COMMON_BLOCKS = YES;
				GCC_WARN_64_TO_32_BIT_CONVERSION = YES;
				GCC_WARN_ABOUT_RETURN_TYPE = YES_ERROR;
				GCC_WARN_UNDECLARED_SELECTOR = YES;
				GCC_WARN_UNINITIALIZED_AUTOS = YES_AGGRESSIVE;
				GCC_WARN_UNUSED_FUNCTION = YES;
				GCC_WARN_UNUSED_VARIABLE = YES;
				IPHONEOS_DEPLOYMENT_TARGET = 13.1;
				MTL_ENABLE_DEBUG_INFO = NO;
				MTL_FAST_MATH = YES;
				SDKROOT = iphoneos;
				SWIFT_COMPILATION_MODE = wholemodule;
				SWIFT_OPTIMIZATION_LEVEL = "-O";
				VALIDATE_PRODUCT = YES;
			};
			name = Release;
		};
		D9982BDD23B2CA7C00C8F6F4 /* Debug */ = {
			isa = XCBuildConfiguration;
			buildSettings = {
				ASSETCATALOG_COMPILER_APPICON_NAME = AppIcon;
				CODE_SIGN_STYLE = Automatic;
				INFOPLIST_FILE = Project1/Info.plist;
				LD_RUNPATH_SEARCH_PATHS = (
					"$(inherited)",
					"@executable_path/Frameworks",
				);
				PRODUCT_BUNDLE_IDENTIFIER = com.example.Project1;
				PRODUCT_NAME = "$(TARGET_NAME)";
				SWIFT_VERSION = 5.0;
				TARGETED_DEVICE_FAMILY = "1,2";
			};
			name = Debug;
		};
		D9982BDE23B2CA7C00C8F6F4 /* Release */ = {
			isa = XCBuildConfiguration;
			buildSettings = {
				ASSETCATALOG_COMPILER_APPICON_NAME = AppIcon;
				CODE_SIGN_STYLE = Automatic;
				INFOPLIST_FILE = Project1/Info.plist;
				LD_RUNPATH_SEARCH_PATHS = (
					"$(inherited)",
					"@executable_path/Frameworks",
				);
				PRODUCT_BUNDLE_IDENTIFIER = com.example.Project1;
				PRODUCT_NAME = "$(TARGET_NAME)";
				SWIFT_VERSION = 5.0;
				TARGETED_DEVICE_FAMILY = "1,2";
			};
			name = Release;
		};
/* End XCBuildConfiguration section */

/* Begin XCConfigurationList section */
		D9982BC323B2CA6800C8F6F4 /* Build configuration list for PBXProject "Project1" */ = {
			isa = XCConfigurationList;
			buildConfigurations = (
				D9982BDA23B2CA7C00C8F6F4 /* Debug */,
				D9982BDB23B2CA7C00C8F6F4 /* Release */,
			);
			defaultConfigurationIsVisible = 0;
			defaultConfigurationName = Release;
		};
		D9982BDC23B2CA7C00C8F6F4 /* Build configuration list for PBXNativeTarget "Project1" */ = {
			isa = XCConfigurationList;
			buildConfigurations = (
				D9982BDD23B2CA7C00C8F6F4 /* Debug */,
				D9982BDE23B2CA7C00C8F6F4 /* Release */,
			);
			defaultConfigurationIsVisible = 0;
			defaultConfigurationName = Release;
		};
/* End XCConfigurationList section */
	};
	rootObject = D9982BC023B2CA6800C8F6F4 /* Project object */;
}
